{
	"com.coronaide.lockdown:lockdown-core": { "locked": "0.1.1" },

	"com.google.code.findbugs:jsr305": { "locked": "3.0.1" },
	
	"javax.inject:javax.inject": { "locked": "1" },
	
	"org.apache.commons:commons-dbcp2": { "locked": "2.1.1" },
	
	"org.springframework:spring-context": { "locked" : "4.3.7.RELEASE" },
	"org.springframework:spring-jdbc": { "locked" : "4.3.7.RELEASE" },
	"org.springframework:spring-test": { "locked" : "4.3.7.RELEASE" },
	
	"org.postgresql:postgresql": { "locked" : "42.0.0" },
	
	"org.testng:testng": { "locked": "6.9.10" }
}